
Microsoft Visual Studio Solution File, Format Version 12.00
# Visual Studio Version 17
VisualStudioVersion = 17.8.34227.203
MinimumVisualStudioVersion = 10.0.40219.1
Project("{FAE04EC0-301F-11D3-BF4B-00C04F79EFBC}") = "ProjetoApiMin", "ProjetoApiMin.csproj", "{6A5191F5-8567-4E45-B9A4-19571F60F305}"
EndProject
Global
	GlobalSection(SolutionConfigurationPlatforms) = preSolution
		Debug|Any CPU = Debug|Any CPU
		Release|Any CPU = Release|Any CPU
	EndGlobalSection
	GlobalSection(ProjectConfigurationPlatforms) = postSolution
		{6A5191F5-8567-4E45-B9A4-19571F60F305}.Debug|Any CPU.ActiveCfg = Debug|Any CPU
		{6A5191F5-8567-4E45-B9A4-19571F60F305}.Debug|Any CPU.Build.0 = Debug|Any CPU
		{6A5191F5-8567-4E45-B9A4-19571F60F305}.Release|Any CPU.ActiveCfg = Release|Any CPU
		{6A5191F5-8567-4E45-B9A4-19571F60F305}.Release|Any CPU.Build.0 = Release|Any CPU
	EndGlobalSection
	GlobalSection(SolutionProperties) = preSolution
		HideSolutionNode = FALSE
	EndGlobalSection
	GlobalSection(ExtensibilityGlobals) = postSolution
		SolutionGuid = {8C2496C9-03A7-4C07-80B2-7D9E790244DA}
	EndGlobalSection
EndGlobal
