
Microsoft Visual Studio Solution File, Format Version 12.00
# Visual Studio Version 17
VisualStudioVersion = 17.8.34227.203
MinimumVisualStudioVersion = 10.0.40219.1
Project("{FAE04EC0-301F-11D3-BF4B-00C04F79EFBC}") = "WebApiNet6", "WebApiNet6.csproj", "{59DCD1CA-D83B-46AB-AF85-B2242C3F4A47}"
EndProject
Global
	GlobalSection(SolutionConfigurationPlatforms) = preSolution
		Debug|Any CPU = Debug|Any CPU
		Release|Any CPU = Release|Any CPU
	EndGlobalSection
	GlobalSection(ProjectConfigurationPlatforms) = postSolution
		{59DCD1CA-D83B-46AB-AF85-B2242C3F4A47}.Debug|Any CPU.ActiveCfg = Debug|Any CPU
		{59DCD1CA-D83B-46AB-AF85-B2242C3F4A47}.Debug|Any CPU.Build.0 = Debug|Any CPU
		{59DCD1CA-D83B-46AB-AF85-B2242C3F4A47}.Release|Any CPU.ActiveCfg = Release|Any CPU
		{59DCD1CA-D83B-46AB-AF85-B2242C3F4A47}.Release|Any CPU.Build.0 = Release|Any CPU
	EndGlobalSection
	GlobalSection(SolutionProperties) = preSolution
		HideSolutionNode = FALSE
	EndGlobalSection
	GlobalSection(ExtensibilityGlobals) = postSolution
		SolutionGuid = {5784207A-6BC6-42F7-8831-D61CF4EC9750}
	EndGlobalSection
EndGlobal
